
Microsoft Visual Studio Solution File, Format Version 12.00
# Visual Studio Version 17
VisualStudioVersion = 17.6.33829.357
MinimumVisualStudioVersion = 10.0.40219.1
Project("{FAE04EC0-301F-11D3-BF4B-00C04F79EFBC}") = "MovieCollection.API", "MovieCollection.API\MovieCollection.API.csproj", "{EFDC48F6-0C7F-4298-80A3-2232170B106B}"
EndProject
Project("{FAE04EC0-301F-11D3-BF4B-00C04F79EFBC}") = "MovieCollection.UI", "MovieCollection.UI\MovieCollection.UI.csproj", "{0F331DF3-991D-40A5-86B0-07DE756A57A2}"
EndProject
Project("{FAE04EC0-301F-11D3-BF4B-00C04F79EFBC}") = "MovieCollection.Test", "MovieCollection.Test\MovieCollection.Test.csproj", "{BD5C9920-319D-477E-AF43-0C574605D5E6}"
EndProject
Global
	GlobalSection(SolutionConfigurationPlatforms) = preSolution
		Debug|Any CPU = Debug|Any CPU
		Release|Any CPU = Release|Any CPU
	EndGlobalSection
	GlobalSection(ProjectConfigurationPlatforms) = postSolution
		{EFDC48F6-0C7F-4298-80A3-2232170B106B}.Debug|Any CPU.ActiveCfg = Debug|Any CPU
		{EFDC48F6-0C7F-4298-80A3-2232170B106B}.Debug|Any CPU.Build.0 = Debug|Any CPU
		{EFDC48F6-0C7F-4298-80A3-2232170B106B}.Release|Any CPU.ActiveCfg = Release|Any CPU
		{EFDC48F6-0C7F-4298-80A3-2232170B106B}.Release|Any CPU.Build.0 = Release|Any CPU
		{0F331DF3-991D-40A5-86B0-07DE756A57A2}.Debug|Any CPU.ActiveCfg = Debug|Any CPU
		{0F331DF3-991D-40A5-86B0-07DE756A57A2}.Debug|Any CPU.Build.0 = Debug|Any CPU
		{0F331DF3-991D-40A5-86B0-07DE756A57A2}.Release|Any CPU.ActiveCfg = Release|Any CPU
		{0F331DF3-991D-40A5-86B0-07DE756A57A2}.Release|Any CPU.Build.0 = Release|Any CPU
		{BD5C9920-319D-477E-AF43-0C574605D5E6}.Debug|Any CPU.ActiveCfg = Debug|Any CPU
		{BD5C9920-319D-477E-AF43-0C574605D5E6}.Debug|Any CPU.Build.0 = Debug|Any CPU
		{BD5C9920-319D-477E-AF43-0C574605D5E6}.Release|Any CPU.ActiveCfg = Release|Any CPU
		{BD5C9920-319D-477E-AF43-0C574605D5E6}.Release|Any CPU.Build.0 = Release|Any CPU
	EndGlobalSection
	GlobalSection(SolutionProperties) = preSolution
		HideSolutionNode = FALSE
	EndGlobalSection
	GlobalSection(ExtensibilityGlobals) = postSolution
		SolutionGuid = {67981F24-0DC8-4EA9-8DAD-EACB544EBD3A}
	EndGlobalSection
EndGlobal
